
Microsoft Visual Studio Solution File, Format Version 12.00
# Visual Studio Version 17
VisualStudioVersion = 17.0.32014.148
MinimumVisualStudioVersion = 10.0.40219.1
Project("{FAE04EC0-301F-11D3-BF4B-00C04F79EFBC}") = "ElectionCampaignBackEnd2", "ElectionCampaignBackEnd2.csproj", "{D5516BDF-ACBF-47F8-B27E-87190F22B725}"
EndProject
Global
	GlobalSection(SolutionConfigurationPlatforms) = preSolution
		Debug|Any CPU = Debug|Any CPU
		Release|Any CPU = Release|Any CPU
	EndGlobalSection
	GlobalSection(ProjectConfigurationPlatforms) = postSolution
		{D5516BDF-ACBF-47F8-B27E-87190F22B725}.Debug|Any CPU.ActiveCfg = Debug|Any CPU
		{D5516BDF-ACBF-47F8-B27E-87190F22B725}.Debug|Any CPU.Build.0 = Debug|Any CPU
		{D5516BDF-ACBF-47F8-B27E-87190F22B725}.Release|Any CPU.ActiveCfg = Release|Any CPU
		{D5516BDF-ACBF-47F8-B27E-87190F22B725}.Release|Any CPU.Build.0 = Release|Any CPU
	EndGlobalSection
	GlobalSection(SolutionProperties) = preSolution
		HideSolutionNode = FALSE
	EndGlobalSection
	GlobalSection(ExtensibilityGlobals) = postSolution
		SolutionGuid = {A595B9E6-81EC-4800-A1FC-4D54CE016C95}
	EndGlobalSection
EndGlobal
